github.com/honzik20/hugo-module-test v0.0.0-20251009144440-7722017f8f51 h1:NeNmcLHfXEsHbDpUK/pVBuUmxC1kony9HWGnEzzKN0k=
github.com/honzik20/hugo-module-test v0.0.0-20251009144440-7722017f8f51/go.mod h1:01OppvZQT5+Qjr6mRr1B5pIaM+sLjrVk+ghTGoBxYrY=
github.com/honzik20/hugo-module-test v0.0.0-20251014133640-b96c4124a67e h1:5n3XzgBCdFpYN8rhV1eRWXv9p4hxDDjZOT/BKG7LOSw=
github.com/honzik20/hugo-module-test v0.0.0-20251014133640-b96c4124a67e/go.mod h1:01OppvZQT5+Qjr6mRr1B5pIaM+sLjrVk+ghTGoBxYrY=
github.com/honzik20/hugo-module-test v0.0.0-20251015070904-32f537f5d43c h1:B0L4JLn7Rj5ATi1o94yA8ANx+KOtoys32LMRYZIWPtY=
github.com/honzik20/hugo-module-test v0.0.0-20251015070904-32f537f5d43c/go.mod h1:01OppvZQT5+Qjr6mRr1B5pIaM+sLjrVk+ghTGoBxYrY=
github.com/honzik20/hugo-module-test v0.0.0-20251015072958-f33ffa19e2b1 h1:i79MlWnrBmo82NMIM+E1v0FHgtmXOl3hAeLAWJMIQ6Y=
github.com/honzik20/hugo-module-test v0.0.0-20251015072958-f33ffa19e2b1/go.mod h1:01OppvZQT5+Qjr6mRr1B5pIaM+sLjrVk+ghTGoBxYrY=
github.com/honzik20/hugo-module-test v0.0.0-20251030141909-db84fbc282ad h1:MHJJI9LF8PEMcMsl1RC4EXkLrStxz+MhoyDQr8VH1zU=
github.com/honzik20/hugo-module-test v0.0.0-20251030141909-db84fbc282ad/go.mod h1:01OppvZQT5+Qjr6mRr1B5pIaM+sLjrVk+ghTGoBxYrY=
github.com/theNewDynamic/gohugo-theme-ananke/v2 v2.12.1 h1:SxVd2+ADMcMiNSsCnAdBnoMMZAUfwHDCvDExZ5fRseo=
github.com/theNewDynamic/gohugo-theme-ananke/v2 v2.12.1/go.mod h1:+a6uqEsCq0+rqHWY5W5QA3P9DNnxcbyCw+CVEB+Uveg=
