github.com/honzik20/hugo-module-test v0.0.0-20251030141909-db84fbc282ad h1:MHJJI9LF8PEMcMsl1RC4EXkLrStxz+MhoyDQr8VH1zU=
github.com/honzik20/hugo-module-test v0.0.0-20251030141909-db84fbc282ad/go.mod h1:01OppvZQT5+Qjr6mRr1B5pIaM+sLjrVk+ghTGoBxYrY=
github.com/theNewDynamic/gohugo-theme-ananke/v2 v2.12.1 h1:SxVd2+ADMcMiNSsCnAdBnoMMZAUfwHDCvDExZ5fRseo=
github.com/theNewDynamic/gohugo-theme-ananke/v2 v2.12.1/go.mod h1:+a6uqEsCq0+rqHWY5W5QA3P9DNnxcbyCw+CVEB+Uveg=
